
Microsoft Visual Studio Solution File, Format Version 12.00
# Visual Studio Version 16
VisualStudioVersion = 16.0.31624.102
MinimumVisualStudioVersion = 10.0.40219.1
Project("{FAE04EC0-301F-11D3-BF4B-00C04F79EFBC}") = "FromAtoB_Kolman", "FromAtoB_Kolman.csproj", "{2FF30F8A-6528-43A3-B637-851E723F8AEE}"
EndProject
Global
	GlobalSection(SolutionConfigurationPlatforms) = preSolution
		Debug|Any CPU = Debug|Any CPU
		Release|Any CPU = Release|Any CPU
	EndGlobalSection
	GlobalSection(ProjectConfigurationPlatforms) = postSolution
		{2FF30F8A-6528-43A3-B637-851E723F8AEE}.Debug|Any CPU.ActiveCfg = Debug|Any CPU
		{2FF30F8A-6528-43A3-B637-851E723F8AEE}.Debug|Any CPU.Build.0 = Debug|Any CPU
		{2FF30F8A-6528-43A3-B637-851E723F8AEE}.Release|Any CPU.ActiveCfg = Release|Any CPU
		{2FF30F8A-6528-43A3-B637-851E723F8AEE}.Release|Any CPU.Build.0 = Release|Any CPU
	EndGlobalSection
	GlobalSection(SolutionProperties) = preSolution
		HideSolutionNode = FALSE
	EndGlobalSection
	GlobalSection(ExtensibilityGlobals) = postSolution
		SolutionGuid = {973E9D0E-E0EF-4155-9382-EF3459670BE0}
	EndGlobalSection
EndGlobal
